
Microsoft Visual Studio Solution File, Format Version 12.00
# Visual Studio Version 16
VisualStudioVersion = 16.0.29324.140
MinimumVisualStudioVersion = 15.0.26124.0
Project("{9A19103F-16F7-4668-BE54-9A1E7A4F7556}") = "algo-quantran.tree", "tree\algo-quantran.tree.csproj", "{FEAEEDF2-EC0C-4F36-A359-DF139B85BBD9}"
EndProject
Project("{9A19103F-16F7-4668-BE54-9A1E7A4F7556}") = "algo-quantran.binarytree", "binarytree\algo-quantran.binarytree.csproj", "{A822F5A6-405C-452F-91B3-8F461BF48A98}"
EndProject
Project("{FAE04EC0-301F-11D3-BF4B-00C04F79EFBC}") = "algo-quantran.models", "algo-quantran.models\algo-quantran.models.csproj", "{7982C691-CBDA-48E2-9E1C-1A0D6B0BCDAB}"
EndProject
Project("{2150E333-8FDC-42A3-9474-1A3956D46DE8}") = "common", "common", "{79F876BE-6A83-4FFD-9D06-B1D918874CC0}"
EndProject
Project("{2150E333-8FDC-42A3-9474-1A3956D46DE8}") = "tree", "tree", "{F81EB92B-5B13-4791-8369-55DAB3807169}"
EndProject
Global
	GlobalSection(SolutionConfigurationPlatforms) = preSolution
		Debug|Any CPU = Debug|Any CPU
		Debug|x64 = Debug|x64
		Debug|x86 = Debug|x86
		Release|Any CPU = Release|Any CPU
		Release|x64 = Release|x64
		Release|x86 = Release|x86
	EndGlobalSection
	GlobalSection(ProjectConfigurationPlatforms) = postSolution
		{FEAEEDF2-EC0C-4F36-A359-DF139B85BBD9}.Debug|Any CPU.ActiveCfg = Debug|Any CPU
		{FEAEEDF2-EC0C-4F36-A359-DF139B85BBD9}.Debug|Any CPU.Build.0 = Debug|Any CPU
		{FEAEEDF2-EC0C-4F36-A359-DF139B85BBD9}.Debug|x64.ActiveCfg = Debug|Any CPU
		{FEAEEDF2-EC0C-4F36-A359-DF139B85BBD9}.Debug|x64.Build.0 = Debug|Any CPU
		{FEAEEDF2-EC0C-4F36-A359-DF139B85BBD9}.Debug|x86.ActiveCfg = Debug|Any CPU
		{FEAEEDF2-EC0C-4F36-A359-DF139B85BBD9}.Debug|x86.Build.0 = Debug|Any CPU
		{FEAEEDF2-EC0C-4F36-A359-DF139B85BBD9}.Release|Any CPU.ActiveCfg = Release|Any CPU
		{FEAEEDF2-EC0C-4F36-A359-DF139B85BBD9}.Release|Any CPU.Build.0 = Release|Any CPU
		{FEAEEDF2-EC0C-4F36-A359-DF139B85BBD9}.Release|x64.ActiveCfg = Release|Any CPU
		{FEAEEDF2-EC0C-4F36-A359-DF139B85BBD9}.Release|x64.Build.0 = Release|Any CPU
		{FEAEEDF2-EC0C-4F36-A359-DF139B85BBD9}.Release|x86.ActiveCfg = Release|Any CPU
		{FEAEEDF2-EC0C-4F36-A359-DF139B85BBD9}.Release|x86.Build.0 = Release|Any CPU
		{A822F5A6-405C-452F-91B3-8F461BF48A98}.Debug|Any CPU.ActiveCfg = Debug|Any CPU
		{A822F5A6-405C-452F-91B3-8F461BF48A98}.Debug|Any CPU.Build.0 = Debug|Any CPU
		{A822F5A6-405C-452F-91B3-8F461BF48A98}.Debug|x64.ActiveCfg = Debug|Any CPU
		{A822F5A6-405C-452F-91B3-8F461BF48A98}.Debug|x64.Build.0 = Debug|Any CPU
		{A822F5A6-405C-452F-91B3-8F461BF48A98}.Debug|x86.ActiveCfg = Debug|Any CPU
		{A822F5A6-405C-452F-91B3-8F461BF48A98}.Debug|x86.Build.0 = Debug|Any CPU
		{A822F5A6-405C-452F-91B3-8F461BF48A98}.Release|Any CPU.ActiveCfg = Release|Any CPU
		{A822F5A6-405C-452F-91B3-8F461BF48A98}.Release|Any CPU.Build.0 = Release|Any CPU
		{A822F5A6-405C-452F-91B3-8F461BF48A98}.Release|x64.ActiveCfg = Release|Any CPU
		{A822F5A6-405C-452F-91B3-8F461BF48A98}.Release|x64.Build.0 = Release|Any CPU
		{A822F5A6-405C-452F-91B3-8F461BF48A98}.Release|x86.ActiveCfg = Release|Any CPU
		{A822F5A6-405C-452F-91B3-8F461BF48A98}.Release|x86.Build.0 = Release|Any CPU
		{7982C691-CBDA-48E2-9E1C-1A0D6B0BCDAB}.Debug|Any CPU.ActiveCfg = Debug|Any CPU
		{7982C691-CBDA-48E2-9E1C-1A0D6B0BCDAB}.Debug|Any CPU.Build.0 = Debug|Any CPU
		{7982C691-CBDA-48E2-9E1C-1A0D6B0BCDAB}.Debug|x64.ActiveCfg = Debug|Any CPU
		{7982C691-CBDA-48E2-9E1C-1A0D6B0BCDAB}.Debug|x64.Build.0 = Debug|Any CPU
		{7982C691-CBDA-48E2-9E1C-1A0D6B0BCDAB}.Debug|x86.ActiveCfg = Debug|Any CPU
		{7982C691-CBDA-48E2-9E1C-1A0D6B0BCDAB}.Debug|x86.Build.0 = Debug|Any CPU
		{7982C691-CBDA-48E2-9E1C-1A0D6B0BCDAB}.Release|Any CPU.ActiveCfg = Release|Any CPU
		{7982C691-CBDA-48E2-9E1C-1A0D6B0BCDAB}.Release|Any CPU.Build.0 = Release|Any CPU
		{7982C691-CBDA-48E2-9E1C-1A0D6B0BCDAB}.Release|x64.ActiveCfg = Release|Any CPU
		{7982C691-CBDA-48E2-9E1C-1A0D6B0BCDAB}.Release|x64.Build.0 = Release|Any CPU
		{7982C691-CBDA-48E2-9E1C-1A0D6B0BCDAB}.Release|x86.ActiveCfg = Release|Any CPU
		{7982C691-CBDA-48E2-9E1C-1A0D6B0BCDAB}.Release|x86.Build.0 = Release|Any CPU
	EndGlobalSection
	GlobalSection(SolutionProperties) = preSolution
		HideSolutionNode = FALSE
	EndGlobalSection
	GlobalSection(NestedProjects) = preSolution
		{FEAEEDF2-EC0C-4F36-A359-DF139B85BBD9} = {F81EB92B-5B13-4791-8369-55DAB3807169}
		{A822F5A6-405C-452F-91B3-8F461BF48A98} = {F81EB92B-5B13-4791-8369-55DAB3807169}
		{7982C691-CBDA-48E2-9E1C-1A0D6B0BCDAB} = {79F876BE-6A83-4FFD-9D06-B1D918874CC0}
	EndGlobalSection
	GlobalSection(ExtensibilityGlobals) = postSolution
		SolutionGuid = {CC2F210C-1AE0-4B88-B19F-AEE26EC2F388}
	EndGlobalSection
EndGlobal
